# This file is automatically @generated by Wally.
# It is not intended for manual editing.
registry = "test"

[[package]]
name = "evaera/cmdr"
version = "1.9.0"
dependencies = []

[[package]]
name = "evaera/plasma"
version = "0.4.2"
dependencies = [["TestEZ", "roblox/testez@0.4.1"]]

[[package]]
name = "ottohatt/game"
version = "0.1.0"
dependencies = [["plasma", "evaera/plasma@0.4.2"]]

[[package]]
name = "roblox/testez"
version = "0.4.1"
dependencies = []
